
Microsoft Visual Studio Solution File, Format Version 12.00
# Visual Studio Version 16
VisualStudioVersion = 16.0.30204.135
MinimumVisualStudioVersion = 10.0.40219.1
Project("{9A19103F-16F7-4668-BE54-9A1E7A4F7556}") = "M.Challenge.Read.Api", "M.Challenge.Read.Api\M.Challenge.Read.Api.csproj", "{B13DC453-56D7-44BB-A62A-5CE130907CB3}"
EndProject
Project("{9A19103F-16F7-4668-BE54-9A1E7A4F7556}") = "M.Challenge.Read.Domain", "M.Challenge.Read.Domain\M.Challenge.Read.Domain.csproj", "{505F6165-B8B9-445C-A30A-71A7A4FD1006}"
EndProject
Project("{9A19103F-16F7-4668-BE54-9A1E7A4F7556}") = "M.Challenge.Read.Application", "M.Challenge.Read.Application\M.Challenge.Read.Application.csproj", "{40CF8C91-7F6C-437E-A749-1B93AAC09655}"
EndProject
Project("{9A19103F-16F7-4668-BE54-9A1E7A4F7556}") = "M.Challenge.Read.Infrastructure", "M.Challenge.Read.Infrastructure\M.Challenge.Read.Infrastructure.csproj", "{CAC93194-CCF3-4B28-AD61-9D1CE4B32385}"
EndProject
Project("{2150E333-8FDC-42A3-9474-1A3956D46DE8}") = "Tests", "Tests", "{FBC66232-6436-4388-9E7E-05873BA152B6}"
EndProject
Project("{9A19103F-16F7-4668-BE54-9A1E7A4F7556}") = "M.Challenge.Read.UnitTests", "M.Challenge.Read.UnitTests\M.Challenge.Read.UnitTests.csproj", "{212E0A87-8F68-44E8-A597-E9621117C270}"
EndProject
Project("{2150E333-8FDC-42A3-9474-1A3956D46DE8}") = "Items", "Items", "{D64B9839-5138-4735-8D46-E67F34F043C5}"
	ProjectSection(SolutionItems) = preProject
		.dockerignore = .dockerignore
		Dockerfile = Dockerfile
		Tests.runsettings = Tests.runsettings
	EndProjectSection
EndProject
Global
	GlobalSection(SolutionConfigurationPlatforms) = preSolution
		Debug|Any CPU = Debug|Any CPU
		Release|Any CPU = Release|Any CPU
	EndGlobalSection
	GlobalSection(ProjectConfigurationPlatforms) = postSolution
		{B13DC453-56D7-44BB-A62A-5CE130907CB3}.Debug|Any CPU.ActiveCfg = Debug|Any CPU
		{B13DC453-56D7-44BB-A62A-5CE130907CB3}.Debug|Any CPU.Build.0 = Debug|Any CPU
		{B13DC453-56D7-44BB-A62A-5CE130907CB3}.Release|Any CPU.ActiveCfg = Release|Any CPU
		{B13DC453-56D7-44BB-A62A-5CE130907CB3}.Release|Any CPU.Build.0 = Release|Any CPU
		{505F6165-B8B9-445C-A30A-71A7A4FD1006}.Debug|Any CPU.ActiveCfg = Debug|Any CPU
		{505F6165-B8B9-445C-A30A-71A7A4FD1006}.Debug|Any CPU.Build.0 = Debug|Any CPU
		{505F6165-B8B9-445C-A30A-71A7A4FD1006}.Release|Any CPU.ActiveCfg = Release|Any CPU
		{505F6165-B8B9-445C-A30A-71A7A4FD1006}.Release|Any CPU.Build.0 = Release|Any CPU
		{40CF8C91-7F6C-437E-A749-1B93AAC09655}.Debug|Any CPU.ActiveCfg = Debug|Any CPU
		{40CF8C91-7F6C-437E-A749-1B93AAC09655}.Debug|Any CPU.Build.0 = Debug|Any CPU
		{40CF8C91-7F6C-437E-A749-1B93AAC09655}.Release|Any CPU.ActiveCfg = Release|Any CPU
		{40CF8C91-7F6C-437E-A749-1B93AAC09655}.Release|Any CPU.Build.0 = Release|Any CPU
		{CAC93194-CCF3-4B28-AD61-9D1CE4B32385}.Debug|Any CPU.ActiveCfg = Debug|Any CPU
		{CAC93194-CCF3-4B28-AD61-9D1CE4B32385}.Debug|Any CPU.Build.0 = Debug|Any CPU
		{CAC93194-CCF3-4B28-AD61-9D1CE4B32385}.Release|Any CPU.ActiveCfg = Release|Any CPU
		{CAC93194-CCF3-4B28-AD61-9D1CE4B32385}.Release|Any CPU.Build.0 = Release|Any CPU
		{212E0A87-8F68-44E8-A597-E9621117C270}.Debug|Any CPU.ActiveCfg = Debug|Any CPU
		{212E0A87-8F68-44E8-A597-E9621117C270}.Debug|Any CPU.Build.0 = Debug|Any CPU
		{212E0A87-8F68-44E8-A597-E9621117C270}.Release|Any CPU.ActiveCfg = Release|Any CPU
		{212E0A87-8F68-44E8-A597-E9621117C270}.Release|Any CPU.Build.0 = Release|Any CPU
	EndGlobalSection
	GlobalSection(SolutionProperties) = preSolution
		HideSolutionNode = FALSE
	EndGlobalSection
	GlobalSection(NestedProjects) = preSolution
		{212E0A87-8F68-44E8-A597-E9621117C270} = {FBC66232-6436-4388-9E7E-05873BA152B6}
	EndGlobalSection
	GlobalSection(ExtensibilityGlobals) = postSolution
		SolutionGuid = {1B4579E2-51DA-48FC-A919-5DF96852CC19}
	EndGlobalSection
EndGlobal
